// !$*UTF8*$!
{
	archiveVersion = 1;
	classes = {
	};
	objectVersion = 50;
	objects = {

/* Begin PBXBuildFile section */
		2F0E02552691589F00AB66D9 /* Tests_iOS.swift in Sources */ = {isa = PBXBuildFile; fileRef = 2F0E02542691589F00AB66D9 /* Tests_iOS.swift */; };
		2F0E0260269158A000AB66D9 /* Tests_macOS.swift in Sources */ = {isa = PBXBuildFile; fileRef = 2F0E025F269158A000AB66D9 /* Tests_macOS.swift */; };
		2F0E0262269158A000AB66D9 /* AppleFrameworksApp.swift in Sources */ = {isa = PBXBuildFile; fileRef = 2F0E02392691589E00AB66D9 /* AppleFrameworksApp.swift */; };
		2F0E0263269158A000AB66D9 /* AppleFrameworksApp.swift in Sources */ = {isa = PBXBuildFile; fileRef = 2F0E02392691589E00AB66D9 /* AppleFrameworksApp.swift */; };
		2F0E0264269158A000AB66D9 /* ContentView.swift in Sources */ = {isa = PBXBuildFile; fileRef = 2F0E023A2691589E00AB66D9 /* ContentView.swift */; };
		2F0E0265269158A000AB66D9 /* ContentView.swift in Sources */ = {isa = PBXBuildFile; fileRef = 2F0E023A2691589E00AB66D9 /* ContentView.swift */; };
		2F0E0266269158A000AB66D9 /* Assets.xcassets in Resources */ = {isa = PBXBuildFile; fileRef = 2F0E023B2691589F00AB66D9 /* Assets.xcassets */; };
		2F0E0267269158A000AB66D9 /* Assets.xcassets in Resources */ = {isa = PBXBuildFile; fileRef = 2F0E023B2691589F00AB66D9 /* Assets.xcassets */; };
/* End PBXBuildFile section */

/* Begin PBXContainerItemProxy section */
		2F0E02512691589F00AB66D9 /* PBXContainerItemProxy */ = {
			isa = PBXContainerItemProxy;
			containerPortal = 2F0E02342691589D00AB66D9 /* Project object */;
			proxyType = 1;
			remoteGlobalIDString = 2F0E023F2691589F00AB66D9;
			remoteInfo = "AppleFrameworks (iOS)";
		};
		2F0E025C269158A000AB66D9 /* PBXContainerItemProxy */ = {
			isa = PBXContainerItemProxy;
			containerPortal = 2F0E02342691589D00AB66D9 /* Project object */;
			proxyType = 1;
			remoteGlobalIDString = 2F0E02472691589F00AB66D9;
			remoteInfo = "AppleFrameworks (macOS)";
		};
/* End PBXContainerItemProxy section */

/* Begin PBXFileReference section */
		2F0E02392691589E00AB66D9 /* AppleFrameworksApp.swift */ = {isa = PBXFileReference; lastKnownFileType = sourcecode.swift; path = AppleFrameworksApp.swift; sourceTree = "<group>"; };
		2F0E023A2691589E00AB66D9 /* ContentView.swift */ = {isa = PBXFileReference; lastKnownFileType = sourcecode.swift; path = ContentView.swift; sourceTree = "<group>"; };
		2F0E023B2691589F00AB66D9 /* Assets.xcassets */ = {isa = PBXFileReference; lastKnownFileType = folder.assetcatalog; path = Assets.xcassets; sourceTree = "<group>"; };
		2F0E02402691589F00AB66D9 /* AppleFrameworks.app */ = {isa = PBXFileReference; explicitFileType = wrapper.application; includeInIndex = 0; path = AppleFrameworks.app; sourceTree = BUILT_PRODUCTS_DIR; };
		2F0E02432691589F00AB66D9 /* Info.plist */ = {isa = PBXFileReference; lastKnownFileType = text.plist.xml; path = Info.plist; sourceTree = "<group>"; };
		2F0E02482691589F00AB66D9 /* AppleFrameworks.app */ = {isa = PBXFileReference; explicitFileType = wrapper.application; includeInIndex = 0; path = AppleFrameworks.app; sourceTree = BUILT_PRODUCTS_DIR; };
		2F0E024A2691589F00AB66D9 /* Info.plist */ = {isa = PBXFileReference; lastKnownFileType = text.plist.xml; path = Info.plist; sourceTree = "<group>"; };
		2F0E024B2691589F00AB66D9 /* macOS.entitlements */ = {isa = PBXFileReference; lastKnownFileType = text.plist.entitlements; path = macOS.entitlements; sourceTree = "<group>"; };
		2F0E02502691589F00AB66D9 /* Tests iOS.xctest */ = {isa = PBXFileReference; explicitFileType = wrapper.cfbundle; includeInIndex = 0; path = "Tests iOS.xctest"; sourceTree = BUILT_PRODUCTS_DIR; };
		2F0E02542691589F00AB66D9 /* Tests_iOS.swift */ = {isa = PBXFileReference; lastKnownFileType = sourcecode.swift; path = Tests_iOS.swift; sourceTree = "<group>"; };
		2F0E02562691589F00AB66D9 /* Info.plist */ = {isa = PBXFileReference; lastKnownFileType = text.plist.xml; path = Info.plist; sourceTree = "<group>"; };
		2F0E025B269158A000AB66D9 /* Tests macOS.xctest */ = {isa = PBXFileReference; explicitFileType = wrapper.cfbundle; includeInIndex = 0; path = "Tests macOS.xctest"; sourceTree = BUILT_PRODUCTS_DIR; };
		2F0E025F269158A000AB66D9 /* Tests_macOS.swift */ = {isa = PBXFileReference; lastKnownFileType = sourcecode.swift; path = Tests_macOS.swift; sourceTree = "<group>"; };
		2F0E0261269158A000AB66D9 /* Info.plist */ = {isa = PBXFileReference; lastKnownFileType = text.plist.xml; path = Info.plist; sourceTree = "<group>"; };
/* End PBXFileReference section */

/* Begin PBXFrameworksBuildPhase section */
		2F0E023D2691589F00AB66D9 /* Frameworks */ = {
			isa = PBXFrameworksBuildPhase;
			buildActionMask = 2147483647;
			files = (
			);
			runOnlyForDeploymentPostprocessing = 0;
		};
		2F0E02452691589F00AB66D9 /* Frameworks */ = {
			isa = PBXFrameworksBuildPhase;
			buildActionMask = 2147483647;
			files = (
			);
			runOnlyForDeploymentPostprocessing = 0;
		};
		2F0E024D2691589F00AB66D9 /* Frameworks */ = {
			isa = PBXFrameworksBuildPhase;
			buildActionMask = 2147483647;
			files = (
			);
			runOnlyForDeploymentPostprocessing = 0;
		};
		2F0E0258269158A000AB66D9 /* Frameworks */ = {
			isa = PBXFrameworksBuildPhase;
			buildActionMask = 2147483647;
			files = (
			);
			runOnlyForDeploymentPostprocessing = 0;
		};
/* End PBXFrameworksBuildPhase section */

/* Begin PBXGroup section */
		2F0E02332691589D00AB66D9 = {
			isa = PBXGroup;
			children = (
				2F0E02382691589E00AB66D9 /* Shared */,
				2F0E02422691589F00AB66D9 /* iOS */,
				2F0E02492691589F00AB66D9 /* macOS */,
				2F0E02532691589F00AB66D9 /* Tests iOS */,
				2F0E025E269158A000AB66D9 /* Tests macOS */,
				2F0E02412691589F00AB66D9 /* Products */,
			);
			sourceTree = "<group>";
		};
		2F0E02382691589E00AB66D9 /* Shared */ = {
			isa = PBXGroup;
			children = (
				2F0E02392691589E00AB66D9 /* AppleFrameworksApp.swift */,
				2F0E023A2691589E00AB66D9 /* ContentView.swift */,
				2F0E023B2691589F00AB66D9 /* Assets.xcassets */,
			);
			path = Shared;
			sourceTree = "<group>";
		};
		2F0E02412691589F00AB66D9 /* Products */ = {
			isa = PBXGroup;
			children = (
				2F0E02402691589F00AB66D9 /* AppleFrameworks.app */,
				2F0E02482691589F00AB66D9 /* AppleFrameworks.app */,
				2F0E02502691589F00AB66D9 /* Tests iOS.xctest */,
				2F0E025B269158A000AB66D9 /* Tests macOS.xctest */,
			);
			name = Products;
			sourceTree = "<group>";
		};
		2F0E02422691589F00AB66D9 /* iOS */ = {
			isa = PBXGroup;
			children = (
				2F0E02432691589F00AB66D9 /* Info.plist */,
			);
			path = iOS;
			sourceTree = "<group>";
		};
		2F0E02492691589F00AB66D9 /* macOS */ = {
			isa = PBXGroup;
			children = (
				2F0E024A2691589F00AB66D9 /* Info.plist */,
				2F0E024B2691589F00AB66D9 /* macOS.entitlements */,
			);
			path = macOS;
			sourceTree = "<group>";
		};
		2F0E02532691589F00AB66D9 /* Tests iOS */ = {
			isa = PBXGroup;
			children = (
				2F0E02542691589F00AB66D9 /* Tests_iOS.swift */,
				2F0E02562691589F00AB66D9 /* Info.plist */,
			);
			path = "Tests iOS";
			sourceTree = "<group>";
		};
		2F0E025E269158A000AB66D9 /* Tests macOS */ = {
			isa = PBXGroup;
			children = (
				2F0E025F269158A000AB66D9 /* Tests_macOS.swift */,
				2F0E0261269158A000AB66D9 /* Info.plist */,
			);
			path = "Tests macOS";
			sourceTree = "<group>";
		};
/* End PBXGroup section */

/* Begin PBXNativeTarget section */
		2F0E023F2691589F00AB66D9 /* AppleFrameworks (iOS) */ = {
			isa = PBXNativeTarget;
			buildConfigurationList = 2F0E026A269158A000AB66D9 /* Build configuration list for PBXNativeTarget "AppleFrameworks (iOS)" */;
			buildPhases = (
				2F0E023C2691589F00AB66D9 /* Sources */,
				2F0E023D2691589F00AB66D9 /* Frameworks */,
				2F0E023E2691589F00AB66D9 /* Resources */,
			);
			buildRules = (
			);
			dependencies = (
			);
			name = "AppleFrameworks (iOS)";
			productName = "AppleFrameworks (iOS)";
			productReference = 2F0E02402691589F00AB66D9 /* AppleFrameworks.app */;
			productType = "com.apple.product-type.application";
		};
		2F0E02472691589F00AB66D9 /* AppleFrameworks (macOS) */ = {
			isa = PBXNativeTarget;
			buildConfigurationList = 2F0E026D269158A000AB66D9 /* Build configuration list for PBXNativeTarget "AppleFrameworks (macOS)" */;
			buildPhases = (
				2F0E02442691589F00AB66D9 /* Sources */,
				2F0E02452691589F00AB66D9 /* Frameworks */,
				2F0E02462691589F00AB66D9 /* Resources */,
			);
			buildRules = (
			);
			dependencies = (
			);
			name = "AppleFrameworks (macOS)";
			productName = "AppleFrameworks (macOS)";
			productReference = 2F0E02482691589F00AB66D9 /* AppleFrameworks.app */;
			productType = "com.apple.product-type.application";
		};
		2F0E024F2691589F00AB66D9 /* Tests iOS */ = {
			isa = PBXNativeTarget;
			buildConfigurationList = 2F0E0270269158A000AB66D9 /* Build configuration list for PBXNativeTarget "Tests iOS" */;
			buildPhases = (
				2F0E024C2691589F00AB66D9 /* Sources */,
				2F0E024D2691589F00AB66D9 /* Frameworks */,
				2F0E024E2691589F00AB66D9 /* Resources */,
			);
			buildRules = (
			);
			dependencies = (
				2F0E02522691589F00AB66D9 /* PBXTargetDependency */,
			);
			name = "Tests iOS";
			productName = "Tests iOS";
			productReference = 2F0E02502691589F00AB66D9 /* Tests iOS.xctest */;
			productType = "com.apple.product-type.bundle.ui-testing";
		};
		2F0E025A269158A000AB66D9 /* Tests macOS */ = {
			isa = PBXNativeTarget;
			buildConfigurationList = 2F0E0273269158A000AB66D9 /* Build configuration list for PBXNativeTarget "Tests macOS" */;
			buildPhases = (
				2F0E0257269158A000AB66D9 /* Sources */,
				2F0E0258269158A000AB66D9 /* Frameworks */,
				2F0E0259269158A000AB66D9 /* Resources */,
			);
			buildRules = (
			);
			dependencies = (
				2F0E025D269158A000AB66D9 /* PBXTargetDependency */,
			);
			name = "Tests macOS";
			productName = "Tests macOS";
			productReference = 2F0E025B269158A000AB66D9 /* Tests macOS.xctest */;
			productType = "com.apple.product-type.bundle.ui-testing";
		};
/* End PBXNativeTarget section */

/* Begin PBXProject section */
		2F0E02342691589D00AB66D9 /* Project object */ = {
			isa = PBXProject;
			attributes = {
				LastSwiftUpdateCheck = 1250;
				LastUpgradeCheck = 1250;
				TargetAttributes = {
					2F0E023F2691589F00AB66D9 = {
						CreatedOnToolsVersion = 12.5;
					};
					2F0E02472691589F00AB66D9 = {
						CreatedOnToolsVersion = 12.5;
					};
					2F0E024F2691589F00AB66D9 = {
						CreatedOnToolsVersion = 12.5;
						TestTargetID = 2F0E023F2691589F00AB66D9;
					};
					2F0E025A269158A000AB66D9 = {
						CreatedOnToolsVersion = 12.5;
						TestTargetID = 2F0E02472691589F00AB66D9;
					};
				};
			};
			buildConfigurationList = 2F0E02372691589D00AB66D9 /* Build configuration list for PBXProject "AppleFrameworks" */;
			compatibilityVersion = "Xcode 9.3";
			developmentRegion = en;
			hasScannedForEncodings = 0;
			knownRegions = (
				en,
				Base,
			);
			mainGroup = 2F0E02332691589D00AB66D9;
			productRefGroup = 2F0E02412691589F00AB66D9 /* Products */;
			projectDirPath = "";
			projectRoot = "";
			targets = (
				2F0E023F2691589F00AB66D9 /* AppleFrameworks (iOS) */,
				2F0E02472691589F00AB66D9 /* AppleFrameworks (macOS) */,
				2F0E024F2691589F00AB66D9 /* Tests iOS */,
				2F0E025A269158A000AB66D9 /* Tests macOS */,
			);
		};
/* End PBXProject section */

/* Begin PBXResourcesBuildPhase section */
		2F0E023E2691589F00AB66D9 /* Resources */ = {
			isa = PBXResourcesBuildPhase;
			buildActionMask = 2147483647;
			files = (
				2F0E0266269158A000AB66D9 /* Assets.xcassets in Resources */,
			);
			runOnlyForDeploymentPostprocessing = 0;
		};
		2F0E02462691589F00AB66D9 /* Resources */ = {
			isa = PBXResourcesBuildPhase;
			buildActionMask = 2147483647;
			files = (
				2F0E0267269158A000AB66D9 /* Assets.xcassets in Resources */,
			);
			runOnlyForDeploymentPostprocessing = 0;
		};
		2F0E024E2691589F00AB66D9 /* Resources */ = {
			isa = PBXResourcesBuildPhase;
			buildActionMask = 2147483647;
			files = (
			);
			runOnlyForDeploymentPostprocessing = 0;
		};
		2F0E0259269158A000AB66D9 /* Resources */ = {
			isa = PBXResourcesBuildPhase;
			buildActionMask = 2147483647;
			files = (
			);
			runOnlyForDeploymentPostprocessing = 0;
		};
/* End PBXResourcesBuildPhase section */

/* Begin PBXSourcesBuildPhase section */
		2F0E023C2691589F00AB66D9 /* Sources */ = {
			isa = PBXSourcesBuildPhase;
			buildActionMask = 2147483647;
			files = (
				2F0E0264269158A000AB66D9 /* ContentView.swift in Sources */,
				2F0E0262269158A000AB66D9 /* AppleFrameworksApp.swift in Sources */,
			);
			runOnlyForDeploymentPostprocessing = 0;
		};
		2F0E02442691589F00AB66D9 /* Sources */ = {
			isa = PBXSourcesBuildPhase;
			buildActionMask = 2147483647;
			files = (
				2F0E0265269158A000AB66D9 /* ContentView.swift in Sources */,
				2F0E0263269158A000AB66D9 /* AppleFrameworksApp.swift in Sources */,
			);
			runOnlyForDeploymentPostprocessing = 0;
		};
		2F0E024C2691589F00AB66D9 /* Sources */ = {
			isa = PBXSourcesBuildPhase;
			buildActionMask = 2147483647;
			files = (
				2F0E02552691589F00AB66D9 /* Tests_iOS.swift in Sources */,
			);
			runOnlyForDeploymentPostprocessing = 0;
		};
		2F0E0257269158A000AB66D9 /* Sources */ = {
			isa = PBXSourcesBuildPhase;
			buildActionMask = 2147483647;
			files = (
				2F0E0260269158A000AB66D9 /* Tests_macOS.swift in Sources */,
			);
			runOnlyForDeploymentPostprocessing = 0;
		};
/* End PBXSourcesBuildPhase section */

/* Begin PBXTargetDependency section */
		2F0E02522691589F00AB66D9 /* PBXTargetDependency */ = {
			isa = PBXTargetDependency;
			target = 2F0E023F2691589F00AB66D9 /* AppleFrameworks (iOS) */;
			targetProxy = 2F0E02512691589F00AB66D9 /* PBXContainerItemProxy */;
		};
		2F0E025D269158A000AB66D9 /* PBXTargetDependency */ = {
			isa = PBXTargetDependency;
			target = 2F0E02472691589F00AB66D9 /* AppleFrameworks (macOS) */;
			targetProxy = 2F0E025C269158A000AB66D9 /* PBXContainerItemProxy */;
		};
/* End PBXTargetDependency section */

/* Begin XCBuildConfiguration section */
		2F0E0268269158A000AB66D9 /* Debug */ = {
			isa = XCBuildConfiguration;
			buildSettings = {
				ALWAYS_SEARCH_USER_PATHS = NO;
				CLANG_ANALYZER_NONNULL = YES;
				CLANG_ANALYZER_NUMBER_OBJECT_CONVERSION = YES_AGGRESSIVE;
				CLANG_CXX_LANGUAGE_STANDARD = "gnu++14";
				CLANG_CXX_LIBRARY = "libc++";
				CLANG_ENABLE_MODULES = YES;
				CLANG_ENABLE_OBJC_ARC = YES;
				CLANG_ENABLE_OBJC_WEAK = YES;
				CLANG_WARN_BLOCK_CAPTURE_AUTORELEASING = YES;
				CLANG_WARN_BOOL_CONVERSION = YES;
				CLANG_WARN_COMMA = YES;
				CLANG_WARN_CONSTANT_CONVERSION = YES;
				CLANG_WARN_DEPRECATED_OBJC_IMPLEMENTATIONS = YES;
				CLANG_WARN_DIRECT_OBJC_ISA_USAGE = YES_ERROR;
				CLANG_WARN_DOCUMENTATION_COMMENTS = YES;
				CLANG_WARN_EMPTY_BODY = YES;
				CLANG_WARN_ENUM_CONVERSION = YES;
				CLANG_WARN_INFINITE_RECURSION = YES;
				CLANG_WARN_INT_CONVERSION = YES;
				CLANG_WARN_NON_LITERAL_NULL_CONVERSION = YES;
				CLANG_WARN_OBJC_IMPLICIT_RETAIN_SELF = YES;
				CLANG_WARN_OBJC_LITERAL_CONVERSION = YES;
				CLANG_WARN_OBJC_ROOT_CLASS = YES_ERROR;
				CLANG_WARN_QUOTED_INCLUDE_IN_FRAMEWORK_HEADER = YES;
				CLANG_WARN_RANGE_LOOP_ANALYSIS = YES;
				CLANG_WARN_STRICT_PROTOTYPES = YES;
				CLANG_WARN_SUSPICIOUS_MOVE = YES;
				CLANG_WARN_UNGUARDED_AVAILABILITY = YES_AGGRESSIVE;
				CLANG_WARN_UNREACHABLE_CODE = YES;
				CLANG_WARN__DUPLICATE_METHOD_MATCH = YES;
				COPY_PHASE_STRIP = NO;
				DEBUG_INFORMATION_FORMAT = dwarf;
				ENABLE_STRICT_OBJC_MSGSEND = YES;
				ENABLE_TESTABILITY = YES;
				GCC_C_LANGUAGE_STANDARD = gnu11;
				GCC_DYNAMIC_NO_PIC = NO;
				GCC_NO_COMMON_BLOCKS = YES;
				GCC_OPTIMIZATION_LEVEL = 0;
				GCC_PREPROCESSOR_DEFINITIONS = (
					"DEBUG=1",
					"$(inherited)",
				);
				GCC_WARN_64_TO_32_BIT_CONVERSION = YES;
				GCC_WARN_ABOUT_RETURN_TYPE = YES_ERROR;
				GCC_WARN_UNDECLARED_SELECTOR = YES;
				GCC_WARN_UNINITIALIZED_AUTOS = YES_AGGRESSIVE;
				GCC_WARN_UNUSED_FUNCTION = YES;
				GCC_WARN_UNUSED_VARIABLE = YES;
				MTL_ENABLE_DEBUG_INFO = INCLUDE_SOURCE;
				MTL_FAST_MATH = YES;
				ONLY_ACTIVE_ARCH = YES;
				SWIFT_ACTIVE_COMPILATION_CONDITIONS = DEBUG;
				SWIFT_OPTIMIZATION_LEVEL = "-Onone";
			};
			name = Debug;
		};
		2F0E0269269158A000AB66D9 /* Release */ = {
			isa = XCBuildConfiguration;
			buildSettings = {
				ALWAYS_SEARCH_USER_PATHS = NO;
				CLANG_ANALYZER_NONNULL = YES;
				CLANG_ANALYZER_NUMBER_OBJECT_CONVERSION = YES_AGGRESSIVE;
				CLANG_CXX_LANGUAGE_STANDARD = "gnu++14";
				CLANG_CXX_LIBRARY = "libc++";
				CLANG_ENABLE_MODULES = YES;
				CLANG_ENABLE_OBJC_ARC = YES;
				CLANG_ENABLE_OBJC_WEAK = YES;
				CLANG_WARN_BLOCK_CAPTURE_AUTORELEASING = YES;
				CLANG_WARN_BOOL_CONVERSION = YES;
				CLANG_WARN_COMMA = YES;
				CLANG_WARN_CONSTANT_CONVERSION = YES;
				CLANG_WARN_DEPRECATED_OBJC_IMPLEMENTATIONS = YES;
				CLANG_WARN_DIRECT_OBJC_ISA_USAGE = YES_ERROR;
				CLANG_WARN_DOCUMENTATION_COMMENTS = YES;
				CLANG_WARN_EMPTY_BODY = YES;
				CLANG_WARN_ENUM_CONVERSION = YES;
				CLANG_WARN_INFINITE_RECURSION = YES;
				CLANG_WARN_INT_CONVERSION = YES;
				CLANG_WARN_NON_LITERAL_NULL_CONVERSION = YES;
				CLANG_WARN_OBJC_IMPLICIT_RETAIN_SELF = YES;
				CLANG_WARN_OBJC_LITERAL_CONVERSION = YES;
				CLANG_WARN_OBJC_ROOT_CLASS = YES_ERROR;
				CLANG_WARN_QUOTED_INCLUDE_IN_FRAMEWORK_HEADER = YES;
				CLANG_WARN_RANGE_LOOP_ANALYSIS = YES;
				CLANG_WARN_STRICT_PROTOTYPES = YES;
				CLANG_WARN_SUSPICIOUS_MOVE = YES;
				CLANG_WARN_UNGUARDED_AVAILABILITY = YES_AGGRESSIVE;
				CLANG_WARN_UNREACHABLE_CODE = YES;
				CLANG_WARN__DUPLICATE_METHOD_MATCH = YES;
				COPY_PHASE_STRIP = NO;
				DEBUG_INFORMATION_FORMAT = "dwarf-with-dsym";
				ENABLE_NS_ASSERTIONS = NO;
				ENABLE_STRICT_OBJC_MSGSEND = YES;
				GCC_C_LANGUAGE_STANDARD = gnu11;
				GCC_NO_COMMON_BLOCKS = YES;
				GCC_WARN_64_TO_32_BIT_CONVERSION = YES;
				GCC_WARN_ABOUT_RETURN_TYPE = YES_ERROR;
				GCC_WARN_UNDECLARED_SELECTOR = YES;
				GCC_WARN_UNINITIALIZED_AUTOS = YES_AGGRESSIVE;
				GCC_WARN_UNUSED_FUNCTION = YES;
				GCC_WARN_UNUSED_VARIABLE = YES;
				MTL_ENABLE_DEBUG_INFO = NO;
				MTL_FAST_MATH = YES;
				SWIFT_COMPILATION_MODE = wholemodule;
				SWIFT_OPTIMIZATION_LEVEL = "-O";
			};
			name = Release;
		};
		2F0E026B269158A000AB66D9 /* Debug */ = {
			isa = XCBuildConfiguration;
			buildSettings = {
				ASSETCATALOG_COMPILER_APPICON_NAME = AppIcon;
				ASSETCATALOG_COMPILER_GLOBAL_ACCENT_COLOR_NAME = AccentColor;
				CODE_SIGN_STYLE = Automatic;
				DEVELOPMENT_TEAM = AF24B35KPJ;
				ENABLE_PREVIEWS = YES;
				INFOPLIST_FILE = iOS/Info.plist;
				IPHONEOS_DEPLOYMENT_TARGET = 14.0;
				LD_RUNPATH_SEARCH_PATHS = (
					"$(inherited)",
					"@executable_path/Frameworks",
				);
				PRODUCT_BUNDLE_IDENTIFIER = dev.chamatt.AppleFrameworks;
				PRODUCT_NAME = AppleFrameworks;
				SDKROOT = iphoneos;
				SWIFT_VERSION = 5.0;
				TARGETED_DEVICE_FAMILY = "1,2";
			};
			name = Debug;
		};
		2F0E026C269158A000AB66D9 /* Release */ = {
			isa = XCBuildConfiguration;
			buildSettings = {
				ASSETCATALOG_COMPILER_APPICON_NAME = AppIcon;
				ASSETCATALOG_COMPILER_GLOBAL_ACCENT_COLOR_NAME = AccentColor;
				CODE_SIGN_STYLE = Automatic;
				DEVELOPMENT_TEAM = AF24B35KPJ;
				ENABLE_PREVIEWS = YES;
				INFOPLIST_FILE = iOS/Info.plist;
				IPHONEOS_DEPLOYMENT_TARGET = 14.0;
				LD_RUNPATH_SEARCH_PATHS = (
					"$(inherited)",
					"@executable_path/Frameworks",
				);
				PRODUCT_BUNDLE_IDENTIFIER = dev.chamatt.AppleFrameworks;
				PRODUCT_NAME = AppleFrameworks;
				SDKROOT = iphoneos;
				SWIFT_VERSION = 5.0;
				TARGETED_DEVICE_FAMILY = "1,2";
				VALIDATE_PRODUCT = YES;
			};
			name = Release;
		};
		2F0E026E269158A000AB66D9 /* Debug */ = {
			isa = XCBuildConfiguration;
			buildSettings = {
				ASSETCATALOG_COMPILER_APPICON_NAME = AppIcon;
				ASSETCATALOG_COMPILER_GLOBAL_ACCENT_COLOR_NAME = AccentColor;
				CODE_SIGN_ENTITLEMENTS = macOS/macOS.entitlements;
				CODE_SIGN_STYLE = Automatic;
				COMBINE_HIDPI_IMAGES = YES;
				DEVELOPMENT_TEAM = AF24B35KPJ;
				ENABLE_HARDENED_RUNTIME = YES;
				ENABLE_PREVIEWS = YES;
				INFOPLIST_FILE = macOS/Info.plist;
				LD_RUNPATH_SEARCH_PATHS = (
					"$(inherited)",
					"@executable_path/../Frameworks",
				);
				MACOSX_DEPLOYMENT_TARGET = 11.0;
				PRODUCT_BUNDLE_IDENTIFIER = dev.chamatt.AppleFrameworks;
				PRODUCT_NAME = AppleFrameworks;
				SDKROOT = macosx;
				SWIFT_VERSION = 5.0;
			};
			name = Debug;
		};
		2F0E026F269158A000AB66D9 /* Release */ = {
			isa = XCBuildConfiguration;
			buildSettings = {
				ASSETCATALOG_COMPILER_APPICON_NAME = AppIcon;
				ASSETCATALOG_COMPILER_GLOBAL_ACCENT_COLOR_NAME = AccentColor;
				CODE_SIGN_ENTITLEMENTS = macOS/macOS.entitlements;
				CODE_SIGN_STYLE = Automatic;
				COMBINE_HIDPI_IMAGES = YES;
				DEVELOPMENT_TEAM = AF24B35KPJ;
				ENABLE_HARDENED_RUNTIME = YES;
				ENABLE_PREVIEWS = YES;
				INFOPLIST_FILE = macOS/Info.plist;
				LD_RUNPATH_SEARCH_PATHS = (
					"$(inherited)",
					"@executable_path/../Frameworks",
				);
				MACOSX_DEPLOYMENT_TARGET = 11.0;
				PRODUCT_BUNDLE_IDENTIFIER = dev.chamatt.AppleFrameworks;
				PRODUCT_NAME = AppleFrameworks;
				SDKROOT = macosx;
				SWIFT_VERSION = 5.0;
			};
			name = Release;
		};
		2F0E0271269158A000AB66D9 /* Debug */ = {
			isa = XCBuildConfiguration;
			buildSettings = {
				ALWAYS_EMBED_SWIFT_STANDARD_LIBRARIES = YES;
				CODE_SIGN_STYLE = Automatic;
				DEVELOPMENT_TEAM = AF24B35KPJ;
				INFOPLIST_FILE = "Tests iOS/Info.plist";
				IPHONEOS_DEPLOYMENT_TARGET = 14.5;
				LD_RUNPATH_SEARCH_PATHS = (
					"$(inherited)",
					"@executable_path/Frameworks",
					"@loader_path/Frameworks",
				);
				PRODUCT_BUNDLE_IDENTIFIER = "dev.chamatt.Tests-iOS";
				PRODUCT_NAME = "$(TARGET_NAME)";
				SDKROOT = iphoneos;
				SWIFT_VERSION = 5.0;
				TARGETED_DEVICE_FAMILY = "1,2";
				TEST_TARGET_NAME = "AppleFrameworks (iOS)";
			};
			name = Debug;
		};
		2F0E0272269158A000AB66D9 /* Release */ = {
			isa = XCBuildConfiguration;
			buildSettings = {
				ALWAYS_EMBED_SWIFT_STANDARD_LIBRARIES = YES;
				CODE_SIGN_STYLE = Automatic;
				DEVELOPMENT_TEAM = AF24B35KPJ;
				INFOPLIST_FILE = "Tests iOS/Info.plist";
				IPHONEOS_DEPLOYMENT_TARGET = 14.5;
				LD_RUNPATH_SEARCH_PATHS = (
					"$(inherited)",
					"@executable_path/Frameworks",
					"@loader_path/Frameworks",
				);
				PRODUCT_BUNDLE_IDENTIFIER = "dev.chamatt.Tests-iOS";
				PRODUCT_NAME = "$(TARGET_NAME)";
				SDKROOT = iphoneos;
				SWIFT_VERSION = 5.0;
				TARGETED_DEVICE_FAMILY = "1,2";
				TEST_TARGET_NAME = "AppleFrameworks (iOS)";
				VALIDATE_PRODUCT = YES;
			};
			name = Release;
		};
		2F0E0274269158A000AB66D9 /* Debug */ = {
			isa = XCBuildConfiguration;
			buildSettings = {
				ALWAYS_EMBED_SWIFT_STANDARD_LIBRARIES = YES;
				CODE_SIGN_STYLE = Automatic;
				COMBINE_HIDPI_IMAGES = YES;
				DEVELOPMENT_TEAM = AF24B35KPJ;
				INFOPLIST_FILE = "Tests macOS/Info.plist";
				LD_RUNPATH_SEARCH_PATHS = (
					"$(inherited)",
					"@executable_path/../Frameworks",
					"@loader_path/../Frameworks",
				);
				MACOSX_DEPLOYMENT_TARGET = 11.3;
				PRODUCT_BUNDLE_IDENTIFIER = "dev.chamatt.Tests-macOS";
				PRODUCT_NAME = "$(TARGET_NAME)";
				SDKROOT = macosx;
				SWIFT_VERSION = 5.0;
				TEST_TARGET_NAME = "AppleFrameworks (macOS)";
			};
			name = Debug;
		};
		2F0E0275269158A000AB66D9 /* Release */ = {
			isa = XCBuildConfiguration;
			buildSettings = {
				ALWAYS_EMBED_SWIFT_STANDARD_LIBRARIES = YES;
				CODE_SIGN_STYLE = Automatic;
				COMBINE_HIDPI_IMAGES = YES;
				DEVELOPMENT_TEAM = AF24B35KPJ;
				INFOPLIST_FILE = "Tests macOS/Info.plist";
				LD_RUNPATH_SEARCH_PATHS = (
					"$(inherited)",
					"@executable_path/../Frameworks",
					"@loader_path/../Frameworks",
				);
				MACOSX_DEPLOYMENT_TARGET = 11.3;
				PRODUCT_BUNDLE_IDENTIFIER = "dev.chamatt.Tests-macOS";
				PRODUCT_NAME = "$(TARGET_NAME)";
				SDKROOT = macosx;
				SWIFT_VERSION = 5.0;
				TEST_TARGET_NAME = "AppleFrameworks (macOS)";
			};
			name = Release;
		};
/* End XCBuildConfiguration section */

/* Begin XCConfigurationList section */
		2F0E02372691589D00AB66D9 /* Build configuration list for PBXProject "AppleFrameworks" */ = {
			isa = XCConfigurationList;
			buildConfigurations = (
				2F0E0268269158A000AB66D9 /* Debug */,
				2F0E0269269158A000AB66D9 /* Release */,
			);
			defaultConfigurationIsVisible = 0;
			defaultConfigurationName = Release;
		};
		2F0E026A269158A000AB66D9 /* Build configuration list for PBXNativeTarget "AppleFrameworks (iOS)" */ = {
			isa = XCConfigurationList;
			buildConfigurations = (
				2F0E026B269158A000AB66D9 /* Debug */,
				2F0E026C269158A000AB66D9 /* Release */,
			);
			defaultConfigurationIsVisible = 0;
			defaultConfigurationName = Release;
		};
		2F0E026D269158A000AB66D9 /* Build configuration list for PBXNativeTarget "AppleFrameworks (macOS)" */ = {
			isa = XCConfigurationList;
			buildConfigurations = (
				2F0E026E269158A000AB66D9 /* Debug */,
				2F0E026F269158A000AB66D9 /* Release */,
			);
			defaultConfigurationIsVisible = 0;
			defaultConfigurationName = Release;
		};
		2F0E0270269158A000AB66D9 /* Build configuration list for PBXNativeTarget "Tests iOS" */ = {
			isa = XCConfigurationList;
			buildConfigurations = (
				2F0E0271269158A000AB66D9 /* Debug */,
				2F0E0272269158A000AB66D9 /* Release */,
			);
			defaultConfigurationIsVisible = 0;
			defaultConfigurationName = Release;
		};
		2F0E0273269158A000AB66D9 /* Build configuration list for PBXNativeTarget "Tests macOS" */ = {
			isa = XCConfigurationList;
			buildConfigurations = (
				2F0E0274269158A000AB66D9 /* Debug */,
				2F0E0275269158A000AB66D9 /* Release */,
			);
			defaultConfigurationIsVisible = 0;
			defaultConfigurationName = Release;
		};
/* End XCConfigurationList section */
	};
	rootObject = 2F0E02342691589D00AB66D9 /* Project object */;
}
